
Microsoft Visual Studio Solution File, Format Version 10.00
# Visual Studio 2008
Project("{FAE04EC0-301F-11D3-BF4B-00C04F79EFBC}") = "WickedSick.Controls", "WickedSick.Controls.csproj", "{2BB199B9-D482-435C-AF76-1C61256555BA}"
EndProject
Global
	GlobalSection(SourceCodeControl) = preSolution
		SccNumberOfProjects = 2
		SccProjectName0 = SurroundSCMScci
		SccLocalPath0 = .
		SccProvider0 = MSSCCI:Surround\u0020SCM
		SccProjectUniqueName1 = WickedSick.Controls.csproj
		SccLocalPath1 = .
	EndGlobalSection
	GlobalSection(SolutionConfigurationPlatforms) = preSolution
		Debug|Any CPU = Debug|Any CPU
		Release|Any CPU = Release|Any CPU
	EndGlobalSection
	GlobalSection(ProjectConfigurationPlatforms) = postSolution
		{2BB199B9-D482-435C-AF76-1C61256555BA}.Debug|Any CPU.ActiveCfg = Debug|Any CPU
		{2BB199B9-D482-435C-AF76-1C61256555BA}.Debug|Any CPU.Build.0 = Debug|Any CPU
		{2BB199B9-D482-435C-AF76-1C61256555BA}.Release|Any CPU.ActiveCfg = Release|Any CPU
		{2BB199B9-D482-435C-AF76-1C61256555BA}.Release|Any CPU.Build.0 = Release|Any CPU
	EndGlobalSection
	GlobalSection(SolutionProperties) = preSolution
		HideSolutionNode = FALSE
	EndGlobalSection
EndGlobal
