
Microsoft Visual Studio Solution File, Format Version 9.00
# Visual Studio 2005
Project("{FAE04EC0-301F-11D3-BF4B-00C04F79EFBC}") = "Publisher", "Publisher\Publisher.csproj", "{5C781413-0A5B-4810-A335-791C27989AFB}"
EndProject
Project("{FAE04EC0-301F-11D3-BF4B-00C04F79EFBC}") = "PublishSubscribeService", "PublishSubscribeService\PublishSubscribeService.csproj", "{5E92A20E-9778-4B29-BF83-C900EF6678A8}"
EndProject
Project("{FAE04EC0-301F-11D3-BF4B-00C04F79EFBC}") = "PersistentSubscriptionManager", "PersistentSubscriptionManager\PersistentSubscriptionManager.csproj", "{69A394C4-9FDF-4013-88F3-46B0AEEEF8DC}"
EndProject
Project("{FAE04EC0-301F-11D3-BF4B-00C04F79EFBC}") = "PersistentSubscribersHost", "PersistentSubscribersHost\PersistentSubscribersHost.csproj", "{9720B574-C56A-4B81-A532-4A3D7BFEADFE}"
EndProject
Project("{FAE04EC0-301F-11D3-BF4B-00C04F79EFBC}") = "ServiceModelEx", "..\ServiceModelEx\ServiceModelEx.csproj", "{0858C710-AF53-4049-B98E-CFE3638D1228}"
EndProject
Global
	GlobalSection(SolutionConfigurationPlatforms) = preSolution
		Debug|.NET = Debug|.NET
		Debug|Any CPU = Debug|Any CPU
		Debug|Mixed Platforms = Debug|Mixed Platforms
		Release|.NET = Release|.NET
		Release|Any CPU = Release|Any CPU
		Release|Mixed Platforms = Release|Mixed Platforms
	EndGlobalSection
	GlobalSection(ProjectConfigurationPlatforms) = postSolution
		{5C781413-0A5B-4810-A335-791C27989AFB}.Debug|.NET.ActiveCfg = Debug|Any CPU
		{5C781413-0A5B-4810-A335-791C27989AFB}.Debug|Any CPU.ActiveCfg = Debug|Any CPU
		{5C781413-0A5B-4810-A335-791C27989AFB}.Debug|Any CPU.Build.0 = Debug|Any CPU
		{5C781413-0A5B-4810-A335-791C27989AFB}.Debug|Mixed Platforms.ActiveCfg = Debug|Any CPU
		{5C781413-0A5B-4810-A335-791C27989AFB}.Debug|Mixed Platforms.Build.0 = Debug|Any CPU
		{5C781413-0A5B-4810-A335-791C27989AFB}.Release|.NET.ActiveCfg = Release|Any CPU
		{5C781413-0A5B-4810-A335-791C27989AFB}.Release|Any CPU.ActiveCfg = Release|Any CPU
		{5C781413-0A5B-4810-A335-791C27989AFB}.Release|Any CPU.Build.0 = Release|Any CPU
		{5C781413-0A5B-4810-A335-791C27989AFB}.Release|Mixed Platforms.ActiveCfg = Release|Any CPU
		{5C781413-0A5B-4810-A335-791C27989AFB}.Release|Mixed Platforms.Build.0 = Release|Any CPU
		{5E92A20E-9778-4B29-BF83-C900EF6678A8}.Debug|.NET.ActiveCfg = Debug|Any CPU
		{5E92A20E-9778-4B29-BF83-C900EF6678A8}.Debug|Any CPU.ActiveCfg = Debug|Any CPU
		{5E92A20E-9778-4B29-BF83-C900EF6678A8}.Debug|Any CPU.Build.0 = Debug|Any CPU
		{5E92A20E-9778-4B29-BF83-C900EF6678A8}.Debug|Mixed Platforms.ActiveCfg = Debug|Any CPU
		{5E92A20E-9778-4B29-BF83-C900EF6678A8}.Debug|Mixed Platforms.Build.0 = Debug|Any CPU
		{5E92A20E-9778-4B29-BF83-C900EF6678A8}.Release|.NET.ActiveCfg = Release|Any CPU
		{5E92A20E-9778-4B29-BF83-C900EF6678A8}.Release|Any CPU.ActiveCfg = Release|Any CPU
		{5E92A20E-9778-4B29-BF83-C900EF6678A8}.Release|Any CPU.Build.0 = Release|Any CPU
		{5E92A20E-9778-4B29-BF83-C900EF6678A8}.Release|Mixed Platforms.ActiveCfg = Release|Any CPU
		{5E92A20E-9778-4B29-BF83-C900EF6678A8}.Release|Mixed Platforms.Build.0 = Release|Any CPU
		{69A394C4-9FDF-4013-88F3-46B0AEEEF8DC}.Debug|.NET.ActiveCfg = Debug|Any CPU
		{69A394C4-9FDF-4013-88F3-46B0AEEEF8DC}.Debug|Any CPU.ActiveCfg = Debug|Any CPU
		{69A394C4-9FDF-4013-88F3-46B0AEEEF8DC}.Debug|Any CPU.Build.0 = Debug|Any CPU
		{69A394C4-9FDF-4013-88F3-46B0AEEEF8DC}.Debug|Mixed Platforms.ActiveCfg = Debug|Any CPU
		{69A394C4-9FDF-4013-88F3-46B0AEEEF8DC}.Debug|Mixed Platforms.Build.0 = Debug|Any CPU
		{69A394C4-9FDF-4013-88F3-46B0AEEEF8DC}.Release|.NET.ActiveCfg = Release|Any CPU
		{69A394C4-9FDF-4013-88F3-46B0AEEEF8DC}.Release|Any CPU.ActiveCfg = Release|Any CPU
		{69A394C4-9FDF-4013-88F3-46B0AEEEF8DC}.Release|Any CPU.Build.0 = Release|Any CPU
		{69A394C4-9FDF-4013-88F3-46B0AEEEF8DC}.Release|Mixed Platforms.ActiveCfg = Release|Any CPU
		{69A394C4-9FDF-4013-88F3-46B0AEEEF8DC}.Release|Mixed Platforms.Build.0 = Release|Any CPU
		{9720B574-C56A-4B81-A532-4A3D7BFEADFE}.Debug|.NET.ActiveCfg = Debug|Any CPU
		{9720B574-C56A-4B81-A532-4A3D7BFEADFE}.Debug|Any CPU.ActiveCfg = Debug|Any CPU
		{9720B574-C56A-4B81-A532-4A3D7BFEADFE}.Debug|Any CPU.Build.0 = Debug|Any CPU
		{9720B574-C56A-4B81-A532-4A3D7BFEADFE}.Debug|Mixed Platforms.ActiveCfg = Debug|Any CPU
		{9720B574-C56A-4B81-A532-4A3D7BFEADFE}.Debug|Mixed Platforms.Build.0 = Debug|Any CPU
		{9720B574-C56A-4B81-A532-4A3D7BFEADFE}.Release|.NET.ActiveCfg = Release|Any CPU
		{9720B574-C56A-4B81-A532-4A3D7BFEADFE}.Release|Any CPU.ActiveCfg = Release|Any CPU
		{9720B574-C56A-4B81-A532-4A3D7BFEADFE}.Release|Any CPU.Build.0 = Release|Any CPU
		{9720B574-C56A-4B81-A532-4A3D7BFEADFE}.Release|Mixed Platforms.ActiveCfg = Release|Any CPU
		{9720B574-C56A-4B81-A532-4A3D7BFEADFE}.Release|Mixed Platforms.Build.0 = Release|Any CPU
		{0858C710-AF53-4049-B98E-CFE3638D1228}.Debug|.NET.ActiveCfg = Debug|Any CPU
		{0858C710-AF53-4049-B98E-CFE3638D1228}.Debug|Any CPU.ActiveCfg = Debug|Any CPU
		{0858C710-AF53-4049-B98E-CFE3638D1228}.Debug|Any CPU.Build.0 = Debug|Any CPU
		{0858C710-AF53-4049-B98E-CFE3638D1228}.Debug|Mixed Platforms.ActiveCfg = Debug|Any CPU
		{0858C710-AF53-4049-B98E-CFE3638D1228}.Debug|Mixed Platforms.Build.0 = Debug|Any CPU
		{0858C710-AF53-4049-B98E-CFE3638D1228}.Release|.NET.ActiveCfg = Release|Any CPU
		{0858C710-AF53-4049-B98E-CFE3638D1228}.Release|Any CPU.ActiveCfg = Release|Any CPU
		{0858C710-AF53-4049-B98E-CFE3638D1228}.Release|Any CPU.Build.0 = Release|Any CPU
		{0858C710-AF53-4049-B98E-CFE3638D1228}.Release|Mixed Platforms.ActiveCfg = Release|Any CPU
		{0858C710-AF53-4049-B98E-CFE3638D1228}.Release|Mixed Platforms.Build.0 = Release|Any CPU
	EndGlobalSection
	GlobalSection(SolutionProperties) = preSolution
		HideSolutionNode = FALSE
	EndGlobalSection
EndGlobal
