
Microsoft Visual Studio Solution File, Format Version 11.00
# Visual Studio 2010
Project("{FAE04EC0-301F-11D3-BF4B-00C04F79EFBC}") = "Mvc3", "Mvc3\Mvc3.csproj", "{847FF74D-0C26-4027-ADDC-024FAE720797}"
EndProject
Project("{FAE04EC0-301F-11D3-BF4B-00C04F79EFBC}") = "Mvc3.Tests", "Mvc3.Tests\Mvc3.Tests.csproj", "{9EDA3AA1-2EFF-44E6-94F1-58B843D17906}"
EndProject
Global
	GlobalSection(SolutionConfigurationPlatforms) = preSolution
		Debug|Any CPU = Debug|Any CPU
		Release|Any CPU = Release|Any CPU
	EndGlobalSection
	GlobalSection(ProjectConfigurationPlatforms) = postSolution
		{847FF74D-0C26-4027-ADDC-024FAE720797}.Debug|Any CPU.ActiveCfg = Debug|Any CPU
		{847FF74D-0C26-4027-ADDC-024FAE720797}.Debug|Any CPU.Build.0 = Debug|Any CPU
		{847FF74D-0C26-4027-ADDC-024FAE720797}.Release|Any CPU.ActiveCfg = Release|Any CPU
		{847FF74D-0C26-4027-ADDC-024FAE720797}.Release|Any CPU.Build.0 = Release|Any CPU
		{9EDA3AA1-2EFF-44E6-94F1-58B843D17906}.Debug|Any CPU.ActiveCfg = Debug|Any CPU
		{9EDA3AA1-2EFF-44E6-94F1-58B843D17906}.Debug|Any CPU.Build.0 = Debug|Any CPU
		{9EDA3AA1-2EFF-44E6-94F1-58B843D17906}.Release|Any CPU.ActiveCfg = Release|Any CPU
		{9EDA3AA1-2EFF-44E6-94F1-58B843D17906}.Release|Any CPU.Build.0 = Release|Any CPU
	EndGlobalSection
	GlobalSection(SolutionProperties) = preSolution
		HideSolutionNode = FALSE
	EndGlobalSection
EndGlobal
