
Microsoft Visual Studio Solution File, Format Version 10.00
# Visual Studio 2008
Project("{FAE04EC0-301F-11D3-BF4B-00C04F79EFBC}") = "BaseballService", "BaseballService.csproj", "{89B629A9-4C34-4187-9403-19E8D29027B1}"
EndProject
Project("{FAE04EC0-301F-11D3-BF4B-00C04F79EFBC}") = "BaseballModels", "..\BaseballModels\BaseballModels.csproj", "{F24A98EF-1075-4206-942C-4303D4FB6479}"
EndProject
Global
	GlobalSection(SolutionConfigurationPlatforms) = preSolution
		Debug|Any CPU = Debug|Any CPU
		Release|Any CPU = Release|Any CPU
	EndGlobalSection
	GlobalSection(ProjectConfigurationPlatforms) = postSolution
		{89B629A9-4C34-4187-9403-19E8D29027B1}.Debug|Any CPU.ActiveCfg = Debug|Any CPU
		{89B629A9-4C34-4187-9403-19E8D29027B1}.Debug|Any CPU.Build.0 = Debug|Any CPU
		{89B629A9-4C34-4187-9403-19E8D29027B1}.Release|Any CPU.ActiveCfg = Release|Any CPU
		{89B629A9-4C34-4187-9403-19E8D29027B1}.Release|Any CPU.Build.0 = Release|Any CPU
		{F24A98EF-1075-4206-942C-4303D4FB6479}.Debug|Any CPU.ActiveCfg = Debug|Any CPU
		{F24A98EF-1075-4206-942C-4303D4FB6479}.Debug|Any CPU.Build.0 = Debug|Any CPU
		{F24A98EF-1075-4206-942C-4303D4FB6479}.Release|Any CPU.ActiveCfg = Release|Any CPU
		{F24A98EF-1075-4206-942C-4303D4FB6479}.Release|Any CPU.Build.0 = Release|Any CPU
	EndGlobalSection
	GlobalSection(SolutionProperties) = preSolution
		HideSolutionNode = FALSE
	EndGlobalSection
EndGlobal
