
Microsoft Visual Studio Solution File, Format Version 11.00
# Visual Studio 2010
Project("{FAE04EC0-301F-11D3-BF4B-00C04F79EFBC}") = "LinkedList", "LinkedList.csproj", "{07E9769C-F6BB-4B3F-AAB1-CEC3F75E161B}"
EndProject
Global
	GlobalSection(SolutionConfigurationPlatforms) = preSolution
		Debug|x86 = Debug|x86
		Release|x86 = Release|x86
	EndGlobalSection
	GlobalSection(ProjectConfigurationPlatforms) = postSolution
		{07E9769C-F6BB-4B3F-AAB1-CEC3F75E161B}.Debug|x86.ActiveCfg = Debug|x86
		{07E9769C-F6BB-4B3F-AAB1-CEC3F75E161B}.Debug|x86.Build.0 = Debug|x86
		{07E9769C-F6BB-4B3F-AAB1-CEC3F75E161B}.Release|x86.ActiveCfg = Release|x86
		{07E9769C-F6BB-4B3F-AAB1-CEC3F75E161B}.Release|x86.Build.0 = Release|x86
	EndGlobalSection
	GlobalSection(SolutionProperties) = preSolution
		HideSolutionNode = FALSE
	EndGlobalSection
EndGlobal
