
Microsoft Visual Studio Solution File, Format Version 11.00
# Visual Studio 2010
Project("{FAE04EC0-301F-11D3-BF4B-00C04F79EFBC}") = "NHibernateTraining", "NHibernateTraining.csproj", "{1CFC47AD-CA3A-4981-864E-1888B215DF87}"
EndProject
Project("{FAE04EC0-301F-11D3-BF4B-00C04F79EFBC}") = "NHibernateTraining.Tests", "NHibernateTraining.Tests\NHibernateTraining.Tests.csproj", "{7E36BB73-56D2-4D2C-8364-6232099E315C}"
EndProject
Global
	GlobalSection(SolutionConfigurationPlatforms) = preSolution
		Debug|Any CPU = Debug|Any CPU
		Release|Any CPU = Release|Any CPU
	EndGlobalSection
	GlobalSection(ProjectConfigurationPlatforms) = postSolution
		{1CFC47AD-CA3A-4981-864E-1888B215DF87}.Debug|Any CPU.ActiveCfg = Debug|Any CPU
		{1CFC47AD-CA3A-4981-864E-1888B215DF87}.Debug|Any CPU.Build.0 = Debug|Any CPU
		{1CFC47AD-CA3A-4981-864E-1888B215DF87}.Release|Any CPU.ActiveCfg = Release|Any CPU
		{1CFC47AD-CA3A-4981-864E-1888B215DF87}.Release|Any CPU.Build.0 = Release|Any CPU
		{7E36BB73-56D2-4D2C-8364-6232099E315C}.Debug|Any CPU.ActiveCfg = Debug|Any CPU
		{7E36BB73-56D2-4D2C-8364-6232099E315C}.Debug|Any CPU.Build.0 = Debug|Any CPU
		{7E36BB73-56D2-4D2C-8364-6232099E315C}.Release|Any CPU.ActiveCfg = Release|Any CPU
		{7E36BB73-56D2-4D2C-8364-6232099E315C}.Release|Any CPU.Build.0 = Release|Any CPU
	EndGlobalSection
	GlobalSection(SolutionProperties) = preSolution
		HideSolutionNode = FALSE
	EndGlobalSection
EndGlobal
