
Microsoft Visual Studio Solution File, Format Version 10.00
# Visual Studio 2008
Project("{FAE04EC0-301F-11D3-BF4B-00C04F79EFBC}") = "iPod", "iPod.csproj", "{3965CC1B-4666-4879-9D0F-BBA44CE79FDE}"
EndProject
Global
	GlobalSection(SolutionConfigurationPlatforms) = preSolution
		Debug|Any CPU = Debug|Any CPU
	EndGlobalSection
	GlobalSection(ProjectConfigurationPlatforms) = postSolution
		{3965CC1B-4666-4879-9D0F-BBA44CE79FDE}.Debug|Any CPU.ActiveCfg = Debug|Any CPU
		{3965CC1B-4666-4879-9D0F-BBA44CE79FDE}.Debug|Any CPU.Build.0 = Debug|Any CPU
	EndGlobalSection
	GlobalSection(SolutionProperties) = preSolution
		HideSolutionNode = FALSE
	EndGlobalSection
EndGlobal
