
Microsoft Visual Studio Solution File, Format Version 10.00
# Visual Studio 2008
Project("{FAE04EC0-301F-11D3-BF4B-00C04F79EFBC}") = "Publisher", "Publisher\Publisher.csproj", "{5C781413-0A5B-4810-A335-791C27989AFB}"
EndProject
Project("{FAE04EC0-301F-11D3-BF4B-00C04F79EFBC}") = "PublishSubscribeService", "PublishSubscribeService\PublishSubscribeService.csproj", "{5E92A20E-9778-4B29-BF83-C900EF6678A8}"
EndProject
Project("{FAE04EC0-301F-11D3-BF4B-00C04F79EFBC}") = "TransientSubscriber", "TransientSubscriber\TransientSubscriber.csproj", "{D2B15855-5914-4AA5-8210-B3C481EE0869}"
EndProject
Project("{E24C65DC-7377-472B-9ABA-BC803B73C61A}") = "PersistentSubscriber", "http://localhost/PersistentSubscriber", "{ED3E693B-0CAA-4F29-AF1C-449AE8376C24}"
	ProjectSection(WebsiteProperties) = preProject
		TargetFramework = "3.5"
		Debug.AspNetCompiler.VirtualPath = "/PersistentSubscriber"
		Debug.AspNetCompiler.PhysicalPath = "PersistentSubscriber\"
		Debug.AspNetCompiler.TargetPath = "PrecompiledWeb\PersistentSubscriber\"
		Debug.AspNetCompiler.Updateable = "true"
		Debug.AspNetCompiler.ForceOverwrite = "true"
		Debug.AspNetCompiler.FixedNames = "false"
		Debug.AspNetCompiler.Debug = "True"
		Release.AspNetCompiler.VirtualPath = "/PersistentSubscriber"
		Release.AspNetCompiler.PhysicalPath = "PersistentSubscriber\"
		Release.AspNetCompiler.TargetPath = "PrecompiledWeb\PersistentSubscriber\"
		Release.AspNetCompiler.Updateable = "true"
		Release.AspNetCompiler.ForceOverwrite = "true"
		Release.AspNetCompiler.FixedNames = "false"
		Release.AspNetCompiler.Debug = "False"
		SlnRelativePath = "PersistentSubscriber\"
	EndProjectSection
EndProject
Project("{FAE04EC0-301F-11D3-BF4B-00C04F79EFBC}") = "PersistentSubscriptionManager", "PersistentSubscriptionManager\PersistentSubscriptionManager.csproj", "{69A394C4-9FDF-4013-88F3-46B0AEEEF8DC}"
EndProject
Project("{FAE04EC0-301F-11D3-BF4B-00C04F79EFBC}") = "ServiceModelEx", "..\ServiceModelEx\ServiceModelEx.csproj", "{0858C710-AF53-4049-B98E-CFE3638D1228}"
EndProject
Global
	GlobalSection(SolutionConfigurationPlatforms) = preSolution
		Debug|.NET = Debug|.NET
		Debug|Any CPU = Debug|Any CPU
		Debug|Mixed Platforms = Debug|Mixed Platforms
		Release|.NET = Release|.NET
		Release|Any CPU = Release|Any CPU
		Release|Mixed Platforms = Release|Mixed Platforms
	EndGlobalSection
	GlobalSection(ProjectConfigurationPlatforms) = postSolution
		{5C781413-0A5B-4810-A335-791C27989AFB}.Debug|.NET.ActiveCfg = Debug|Any CPU
		{5C781413-0A5B-4810-A335-791C27989AFB}.Debug|Any CPU.ActiveCfg = Debug|Any CPU
		{5C781413-0A5B-4810-A335-791C27989AFB}.Debug|Any CPU.Build.0 = Debug|Any CPU
		{5C781413-0A5B-4810-A335-791C27989AFB}.Debug|Mixed Platforms.ActiveCfg = Debug|Any CPU
		{5C781413-0A5B-4810-A335-791C27989AFB}.Debug|Mixed Platforms.Build.0 = Debug|Any CPU
		{5C781413-0A5B-4810-A335-791C27989AFB}.Release|.NET.ActiveCfg = Release|Any CPU
		{5C781413-0A5B-4810-A335-791C27989AFB}.Release|Any CPU.ActiveCfg = Release|Any CPU
		{5C781413-0A5B-4810-A335-791C27989AFB}.Release|Any CPU.Build.0 = Release|Any CPU
		{5C781413-0A5B-4810-A335-791C27989AFB}.Release|Mixed Platforms.ActiveCfg = Release|Any CPU
		{5C781413-0A5B-4810-A335-791C27989AFB}.Release|Mixed Platforms.Build.0 = Release|Any CPU
		{5E92A20E-9778-4B29-BF83-C900EF6678A8}.Debug|.NET.ActiveCfg = Debug|Any CPU
		{5E92A20E-9778-4B29-BF83-C900EF6678A8}.Debug|Any CPU.ActiveCfg = Debug|Any CPU
		{5E92A20E-9778-4B29-BF83-C900EF6678A8}.Debug|Any CPU.Build.0 = Debug|Any CPU
		{5E92A20E-9778-4B29-BF83-C900EF6678A8}.Debug|Mixed Platforms.ActiveCfg = Debug|Any CPU
		{5E92A20E-9778-4B29-BF83-C900EF6678A8}.Debug|Mixed Platforms.Build.0 = Debug|Any CPU
		{5E92A20E-9778-4B29-BF83-C900EF6678A8}.Release|.NET.ActiveCfg = Release|Any CPU
		{5E92A20E-9778-4B29-BF83-C900EF6678A8}.Release|Any CPU.ActiveCfg = Release|Any CPU
		{5E92A20E-9778-4B29-BF83-C900EF6678A8}.Release|Any CPU.Build.0 = Release|Any CPU
		{5E92A20E-9778-4B29-BF83-C900EF6678A8}.Release|Mixed Platforms.ActiveCfg = Release|Any CPU
		{5E92A20E-9778-4B29-BF83-C900EF6678A8}.Release|Mixed Platforms.Build.0 = Release|Any CPU
		{D2B15855-5914-4AA5-8210-B3C481EE0869}.Debug|.NET.ActiveCfg = Debug|Any CPU
		{D2B15855-5914-4AA5-8210-B3C481EE0869}.Debug|Any CPU.ActiveCfg = Debug|Any CPU
		{D2B15855-5914-4AA5-8210-B3C481EE0869}.Debug|Any CPU.Build.0 = Debug|Any CPU
		{D2B15855-5914-4AA5-8210-B3C481EE0869}.Debug|Mixed Platforms.ActiveCfg = Debug|Any CPU
		{D2B15855-5914-4AA5-8210-B3C481EE0869}.Debug|Mixed Platforms.Build.0 = Debug|Any CPU
		{D2B15855-5914-4AA5-8210-B3C481EE0869}.Release|.NET.ActiveCfg = Release|Any CPU
		{D2B15855-5914-4AA5-8210-B3C481EE0869}.Release|Any CPU.ActiveCfg = Release|Any CPU
		{D2B15855-5914-4AA5-8210-B3C481EE0869}.Release|Any CPU.Build.0 = Release|Any CPU
		{D2B15855-5914-4AA5-8210-B3C481EE0869}.Release|Mixed Platforms.ActiveCfg = Release|Any CPU
		{D2B15855-5914-4AA5-8210-B3C481EE0869}.Release|Mixed Platforms.Build.0 = Release|Any CPU
		{ED3E693B-0CAA-4F29-AF1C-449AE8376C24}.Debug|.NET.ActiveCfg = Debug|.NET
		{ED3E693B-0CAA-4F29-AF1C-449AE8376C24}.Debug|.NET.Build.0 = Debug|.NET
		{ED3E693B-0CAA-4F29-AF1C-449AE8376C24}.Debug|Any CPU.ActiveCfg = Debug|.NET
		{ED3E693B-0CAA-4F29-AF1C-449AE8376C24}.Debug|Mixed Platforms.ActiveCfg = Debug|.NET
		{ED3E693B-0CAA-4F29-AF1C-449AE8376C24}.Debug|Mixed Platforms.Build.0 = Debug|.NET
		{ED3E693B-0CAA-4F29-AF1C-449AE8376C24}.Release|.NET.ActiveCfg = Debug|.NET
		{ED3E693B-0CAA-4F29-AF1C-449AE8376C24}.Release|.NET.Build.0 = Debug|.NET
		{ED3E693B-0CAA-4F29-AF1C-449AE8376C24}.Release|Any CPU.ActiveCfg = Debug|.NET
		{ED3E693B-0CAA-4F29-AF1C-449AE8376C24}.Release|Mixed Platforms.ActiveCfg = Debug|.NET
		{ED3E693B-0CAA-4F29-AF1C-449AE8376C24}.Release|Mixed Platforms.Build.0 = Debug|.NET
		{69A394C4-9FDF-4013-88F3-46B0AEEEF8DC}.Debug|.NET.ActiveCfg = Debug|Any CPU
		{69A394C4-9FDF-4013-88F3-46B0AEEEF8DC}.Debug|Any CPU.ActiveCfg = Debug|Any CPU
		{69A394C4-9FDF-4013-88F3-46B0AEEEF8DC}.Debug|Any CPU.Build.0 = Debug|Any CPU
		{69A394C4-9FDF-4013-88F3-46B0AEEEF8DC}.Debug|Mixed Platforms.ActiveCfg = Debug|Any CPU
		{69A394C4-9FDF-4013-88F3-46B0AEEEF8DC}.Debug|Mixed Platforms.Build.0 = Debug|Any CPU
		{69A394C4-9FDF-4013-88F3-46B0AEEEF8DC}.Release|.NET.ActiveCfg = Release|Any CPU
		{69A394C4-9FDF-4013-88F3-46B0AEEEF8DC}.Release|Any CPU.ActiveCfg = Release|Any CPU
		{69A394C4-9FDF-4013-88F3-46B0AEEEF8DC}.Release|Any CPU.Build.0 = Release|Any CPU
		{69A394C4-9FDF-4013-88F3-46B0AEEEF8DC}.Release|Mixed Platforms.ActiveCfg = Release|Any CPU
		{69A394C4-9FDF-4013-88F3-46B0AEEEF8DC}.Release|Mixed Platforms.Build.0 = Release|Any CPU
		{0858C710-AF53-4049-B98E-CFE3638D1228}.Debug|.NET.ActiveCfg = Debug|Any CPU
		{0858C710-AF53-4049-B98E-CFE3638D1228}.Debug|Any CPU.ActiveCfg = Debug|Any CPU
		{0858C710-AF53-4049-B98E-CFE3638D1228}.Debug|Any CPU.Build.0 = Debug|Any CPU
		{0858C710-AF53-4049-B98E-CFE3638D1228}.Debug|Mixed Platforms.ActiveCfg = Debug|Any CPU
		{0858C710-AF53-4049-B98E-CFE3638D1228}.Debug|Mixed Platforms.Build.0 = Debug|Any CPU
		{0858C710-AF53-4049-B98E-CFE3638D1228}.Release|.NET.ActiveCfg = Release|Any CPU
		{0858C710-AF53-4049-B98E-CFE3638D1228}.Release|Any CPU.ActiveCfg = Release|Any CPU
		{0858C710-AF53-4049-B98E-CFE3638D1228}.Release|Any CPU.Build.0 = Release|Any CPU
		{0858C710-AF53-4049-B98E-CFE3638D1228}.Release|Mixed Platforms.ActiveCfg = Release|Any CPU
		{0858C710-AF53-4049-B98E-CFE3638D1228}.Release|Mixed Platforms.Build.0 = Release|Any CPU
	EndGlobalSection
	GlobalSection(SolutionProperties) = preSolution
		HideSolutionNode = FALSE
	EndGlobalSection
EndGlobal
