
Microsoft Visual Studio Solution File, Format Version 11.00
# Visual Studio 2010
Project("{FAE04EC0-301F-11D3-BF4B-00C04F79EFBC}") = "ActivityControlTest", "ActivityControlTest.csproj", "{6024A694-A9C7-4B20-9EE7-A46082EB414F}"
EndProject
Project("{FAE04EC0-301F-11D3-BF4B-00C04F79EFBC}") = "IdentityStream.Windows.Controls", "..\IdentityStream.Windows.Controls\IdentityStream.Windows.Controls.csproj", "{D16CFDE9-9115-48C3-ABAB-0482748BE2DA}"
EndProject
Global
	GlobalSection(SolutionConfigurationPlatforms) = preSolution
		Debug|Any CPU = Debug|Any CPU
		Release|Any CPU = Release|Any CPU
	EndGlobalSection
	GlobalSection(ProjectConfigurationPlatforms) = postSolution
		{6024A694-A9C7-4B20-9EE7-A46082EB414F}.Debug|Any CPU.ActiveCfg = Debug|Any CPU
		{6024A694-A9C7-4B20-9EE7-A46082EB414F}.Debug|Any CPU.Build.0 = Debug|Any CPU
		{6024A694-A9C7-4B20-9EE7-A46082EB414F}.Release|Any CPU.ActiveCfg = Release|Any CPU
		{6024A694-A9C7-4B20-9EE7-A46082EB414F}.Release|Any CPU.Build.0 = Release|Any CPU
		{D16CFDE9-9115-48C3-ABAB-0482748BE2DA}.Debug|Any CPU.ActiveCfg = Debug|Any CPU
		{D16CFDE9-9115-48C3-ABAB-0482748BE2DA}.Debug|Any CPU.Build.0 = Debug|Any CPU
		{D16CFDE9-9115-48C3-ABAB-0482748BE2DA}.Release|Any CPU.ActiveCfg = Release|Any CPU
		{D16CFDE9-9115-48C3-ABAB-0482748BE2DA}.Release|Any CPU.Build.0 = Release|Any CPU
	EndGlobalSection
	GlobalSection(SolutionProperties) = preSolution
		HideSolutionNode = FALSE
	EndGlobalSection
EndGlobal
